
Microsoft Visual Studio Solution File, Format Version 12.00
# Visual Studio Version 16
VisualStudioVersion = 16.0.29009.5
MinimumVisualStudioVersion = 10.0.40219.1
Project("{9A19103F-16F7-4668-BE54-9A1E7A4F7556}") = "StoryTree", "StoryTree\StoryTree.csproj", "{050D197C-E3BA-4E4D-B480-B519AF878150}"
EndProject
Project("{9A19103F-16F7-4668-BE54-9A1E7A4F7556}") = "TextAdventuresBasic", "TextAdventure\TextAdventuresBasic.csproj", "{A046DBE9-3191-4B85-BFD4-DB10C15C3CCB}"
EndProject
Project("{9A19103F-16F7-4668-BE54-9A1E7A4F7556}") = "StoryTreeUnitTests", "StoryTreeUnitTests\StoryTreeUnitTests.csproj", "{93130C46-4FA5-4086-9C17-CA24DDF68E07}"
EndProject
Project("{FAE04EC0-301F-11D3-BF4B-00C04F79EFBC}") = "JsonSerializer", "JsonSerializer\JsonSerializer.csproj", "{1CF547A6-614F-42C0-B969-E9EA21C5AAF6}"
EndProject
Global
	GlobalSection(SolutionConfigurationPlatforms) = preSolution
		Debug|Any CPU = Debug|Any CPU
		Release|Any CPU = Release|Any CPU
	EndGlobalSection
	GlobalSection(ProjectConfigurationPlatforms) = postSolution
		{050D197C-E3BA-4E4D-B480-B519AF878150}.Debug|Any CPU.ActiveCfg = Debug|Any CPU
		{050D197C-E3BA-4E4D-B480-B519AF878150}.Debug|Any CPU.Build.0 = Debug|Any CPU
		{050D197C-E3BA-4E4D-B480-B519AF878150}.Release|Any CPU.ActiveCfg = Release|Any CPU
		{050D197C-E3BA-4E4D-B480-B519AF878150}.Release|Any CPU.Build.0 = Release|Any CPU
		{A046DBE9-3191-4B85-BFD4-DB10C15C3CCB}.Debug|Any CPU.ActiveCfg = Debug|Any CPU
		{A046DBE9-3191-4B85-BFD4-DB10C15C3CCB}.Debug|Any CPU.Build.0 = Debug|Any CPU
		{A046DBE9-3191-4B85-BFD4-DB10C15C3CCB}.Release|Any CPU.ActiveCfg = Release|Any CPU
		{A046DBE9-3191-4B85-BFD4-DB10C15C3CCB}.Release|Any CPU.Build.0 = Release|Any CPU
		{93130C46-4FA5-4086-9C17-CA24DDF68E07}.Debug|Any CPU.ActiveCfg = Debug|Any CPU
		{93130C46-4FA5-4086-9C17-CA24DDF68E07}.Debug|Any CPU.Build.0 = Debug|Any CPU
		{93130C46-4FA5-4086-9C17-CA24DDF68E07}.Release|Any CPU.ActiveCfg = Release|Any CPU
		{93130C46-4FA5-4086-9C17-CA24DDF68E07}.Release|Any CPU.Build.0 = Release|Any CPU
		{1CF547A6-614F-42C0-B969-E9EA21C5AAF6}.Debug|Any CPU.ActiveCfg = Debug|Any CPU
		{1CF547A6-614F-42C0-B969-E9EA21C5AAF6}.Debug|Any CPU.Build.0 = Debug|Any CPU
		{1CF547A6-614F-42C0-B969-E9EA21C5AAF6}.Release|Any CPU.ActiveCfg = Release|Any CPU
		{1CF547A6-614F-42C0-B969-E9EA21C5AAF6}.Release|Any CPU.Build.0 = Release|Any CPU
	EndGlobalSection
	GlobalSection(SolutionProperties) = preSolution
		HideSolutionNode = FALSE
	EndGlobalSection
	GlobalSection(ExtensibilityGlobals) = postSolution
		SolutionGuid = {269FA511-0421-4E89-86E0-D6523AC9B573}
	EndGlobalSection
EndGlobal
